
Microsoft Visual Studio Solution File, Format Version 12.00
# Visual Studio Version 16
VisualStudioVersion = 16.0.31321.278
MinimumVisualStudioVersion = 10.0.40219.1
Project("{9A19103F-16F7-4668-BE54-9A1E7A4F7556}") = "Redix", "Redix\Redix.csproj", "{AB0B6180-3D1A-4C23-B70E-0909E4B09224}"
EndProject
Project("{9A19103F-16F7-4668-BE54-9A1E7A4F7556}") = "Exercicio_1", "Exercicio_1\Exercicio_1.csproj", "{99D05F42-B160-4DBF-B434-E9E8901F1940}"
EndProject
Project("{9A19103F-16F7-4668-BE54-9A1E7A4F7556}") = "Exercicio_2", "Exercicio_2\Exercicio_2.csproj", "{DCEC7DE2-1B70-4B82-AA9A-20E158E9B74D}"
EndProject
Project("{9A19103F-16F7-4668-BE54-9A1E7A4F7556}") = "Questao_2_test", "Questao_2_test\Questao_2_test.csproj", "{2A0FE52D-476E-4317-B1CC-2849D1BCF0EF}"
EndProject
Project("{FAE04EC0-301F-11D3-BF4B-00C04F79EFBC}") = "Exercicio_7", "Exercicio_8\Exercicio_7.csproj", "{41BA3292-8D71-4A9F-9A6C-4C98DD2A1290}"
EndProject
Global
	GlobalSection(SolutionConfigurationPlatforms) = preSolution
		Debug|Any CPU = Debug|Any CPU
		Release|Any CPU = Release|Any CPU
	EndGlobalSection
	GlobalSection(ProjectConfigurationPlatforms) = postSolution
		{AB0B6180-3D1A-4C23-B70E-0909E4B09224}.Debug|Any CPU.ActiveCfg = Debug|Any CPU
		{AB0B6180-3D1A-4C23-B70E-0909E4B09224}.Debug|Any CPU.Build.0 = Debug|Any CPU
		{AB0B6180-3D1A-4C23-B70E-0909E4B09224}.Release|Any CPU.ActiveCfg = Release|Any CPU
		{AB0B6180-3D1A-4C23-B70E-0909E4B09224}.Release|Any CPU.Build.0 = Release|Any CPU
		{99D05F42-B160-4DBF-B434-E9E8901F1940}.Debug|Any CPU.ActiveCfg = Debug|Any CPU
		{99D05F42-B160-4DBF-B434-E9E8901F1940}.Debug|Any CPU.Build.0 = Debug|Any CPU
		{99D05F42-B160-4DBF-B434-E9E8901F1940}.Release|Any CPU.ActiveCfg = Release|Any CPU
		{99D05F42-B160-4DBF-B434-E9E8901F1940}.Release|Any CPU.Build.0 = Release|Any CPU
		{DCEC7DE2-1B70-4B82-AA9A-20E158E9B74D}.Debug|Any CPU.ActiveCfg = Debug|Any CPU
		{DCEC7DE2-1B70-4B82-AA9A-20E158E9B74D}.Debug|Any CPU.Build.0 = Debug|Any CPU
		{DCEC7DE2-1B70-4B82-AA9A-20E158E9B74D}.Release|Any CPU.ActiveCfg = Release|Any CPU
		{DCEC7DE2-1B70-4B82-AA9A-20E158E9B74D}.Release|Any CPU.Build.0 = Release|Any CPU
		{2A0FE52D-476E-4317-B1CC-2849D1BCF0EF}.Debug|Any CPU.ActiveCfg = Debug|Any CPU
		{2A0FE52D-476E-4317-B1CC-2849D1BCF0EF}.Debug|Any CPU.Build.0 = Debug|Any CPU
		{2A0FE52D-476E-4317-B1CC-2849D1BCF0EF}.Release|Any CPU.ActiveCfg = Release|Any CPU
		{2A0FE52D-476E-4317-B1CC-2849D1BCF0EF}.Release|Any CPU.Build.0 = Release|Any CPU
		{41BA3292-8D71-4A9F-9A6C-4C98DD2A1290}.Debug|Any CPU.ActiveCfg = Debug|Any CPU
		{41BA3292-8D71-4A9F-9A6C-4C98DD2A1290}.Debug|Any CPU.Build.0 = Debug|Any CPU
		{41BA3292-8D71-4A9F-9A6C-4C98DD2A1290}.Release|Any CPU.ActiveCfg = Release|Any CPU
		{41BA3292-8D71-4A9F-9A6C-4C98DD2A1290}.Release|Any CPU.Build.0 = Release|Any CPU
	EndGlobalSection
	GlobalSection(SolutionProperties) = preSolution
		HideSolutionNode = FALSE
	EndGlobalSection
	GlobalSection(ExtensibilityGlobals) = postSolution
		SolutionGuid = {5F5301A1-93B3-46FD-8C5E-AA1C4BDDBDCB}
	EndGlobalSection
EndGlobal
